// !$*UTF8*$!
{
	archiveVersion = 1;
	classes = {
	};
	objectVersion = 48;
	objects = {

/* Begin PBXBuildFile section */
		56B3574920722E0900F1AD61 /* YiRefreshGifHeader.swift in Sources */ = {isa = PBXBuildFile; fileRef = 56B3574820722E0900F1AD61 /* YiRefreshGifHeader.swift */; };
		56B3574C20723AFD00F1AD61 /* YiRefreshFooter.swift in Sources */ = {isa = PBXBuildFile; fileRef = 56B3574B20723AFD00F1AD61 /* YiRefreshFooter.swift */; };
		56B3574E20723B9700F1AD61 /* YiRefreshBackFooter.swift in Sources */ = {isa = PBXBuildFile; fileRef = 56B3574D20723B9700F1AD61 /* YiRefreshBackFooter.swift */; };
		56B3575020723BE300F1AD61 /* YiRefreshAutoFooter.swift in Sources */ = {isa = PBXBuildFile; fileRef = 56B3574F20723BE300F1AD61 /* YiRefreshAutoFooter.swift */; };
		56B357552072502100F1AD61 /* YiRefreshAutoGifFooter.swift in Sources */ = {isa = PBXBuildFile; fileRef = 56B357542072502100F1AD61 /* YiRefreshAutoGifFooter.swift */; };
		56B357572072503D00F1AD61 /* YiRefreshAutoNormalFooter.swift in Sources */ = {isa = PBXBuildFile; fileRef = 56B357562072503D00F1AD61 /* YiRefreshAutoNormalFooter.swift */; };
		56B357592072505B00F1AD61 /* YiRefreshAutoStateFooter.swift in Sources */ = {isa = PBXBuildFile; fileRef = 56B357582072505B00F1AD61 /* YiRefreshAutoStateFooter.swift */; };
		56B3575B2072510300F1AD61 /* YiRefreshBackGifFooter.swift in Sources */ = {isa = PBXBuildFile; fileRef = 56B3575A2072510300F1AD61 /* YiRefreshBackGifFooter.swift */; };
		56B3575D2072511C00F1AD61 /* YiRefreshBackNormalFooter.swift in Sources */ = {isa = PBXBuildFile; fileRef = 56B3575C2072511C00F1AD61 /* YiRefreshBackNormalFooter.swift */; };
		56B3575F2072513900F1AD61 /* YiRefreshBackStateFooter.swift in Sources */ = {isa = PBXBuildFile; fileRef = 56B3575E2072513900F1AD61 /* YiRefreshBackStateFooter.swift */; };
		56BCD0F92069DED100D1E0E3 /* AppDelegate.swift in Sources */ = {isa = PBXBuildFile; fileRef = 56BCD0F82069DED100D1E0E3 /* AppDelegate.swift */; };
		56BCD0FB2069DED200D1E0E3 /* ViewController.swift in Sources */ = {isa = PBXBuildFile; fileRef = 56BCD0FA2069DED200D1E0E3 /* ViewController.swift */; };
		56BCD0FE2069DED200D1E0E3 /* Main.storyboard in Resources */ = {isa = PBXBuildFile; fileRef = 56BCD0FC2069DED200D1E0E3 /* Main.storyboard */; };
		56BCD1002069DED200D1E0E3 /* Assets.xcassets in Resources */ = {isa = PBXBuildFile; fileRef = 56BCD0FF2069DED200D1E0E3 /* Assets.xcassets */; };
		56BCD1032069DED200D1E0E3 /* LaunchScreen.storyboard in Resources */ = {isa = PBXBuildFile; fileRef = 56BCD1012069DED200D1E0E3 /* LaunchScreen.storyboard */; };
		56BCD10C2069E03400D1E0E3 /* MJRefreshConst.swift in Sources */ = {isa = PBXBuildFile; fileRef = 56BCD10B2069E03400D1E0E3 /* MJRefreshConst.swift */; };
		56BCD10E2069E34300D1E0E3 /* extension_UIScrollView.swift in Sources */ = {isa = PBXBuildFile; fileRef = 56BCD10D2069E34300D1E0E3 /* extension_UIScrollView.swift */; };
		56BCD1102069E3D500D1E0E3 /* extension_UIView.swift in Sources */ = {isa = PBXBuildFile; fileRef = 56BCD10F2069E3D500D1E0E3 /* extension_UIView.swift */; };
		56BCD1122069E4CC00D1E0E3 /* extension_Bundle.swift in Sources */ = {isa = PBXBuildFile; fileRef = 56BCD1112069E4CC00D1E0E3 /* extension_Bundle.swift */; };
		56BCD1142069EC8C00D1E0E3 /* YiRefreshComponent.swift in Sources */ = {isa = PBXBuildFile; fileRef = 56BCD1132069EC8C00D1E0E3 /* YiRefreshComponent.swift */; };
		56BCD1162069ED3D00D1E0E3 /* extension_UILabel.swift in Sources */ = {isa = PBXBuildFile; fileRef = 56BCD1152069ED3D00D1E0E3 /* extension_UILabel.swift */; };
		56BCD1182069EE2800D1E0E3 /* YiRefresh.bundle in Resources */ = {isa = PBXBuildFile; fileRef = 56BCD1172069EE2800D1E0E3 /* YiRefresh.bundle */; };
		56BCD120206B62A700D1E0E3 /* YiRefreshHeader.swift in Sources */ = {isa = PBXBuildFile; fileRef = 56BCD11F206B62A700D1E0E3 /* YiRefreshHeader.swift */; };
		56BCD125206B8B6600D1E0E3 /* YiRefreshStateHeader.swift in Sources */ = {isa = PBXBuildFile; fileRef = 56BCD124206B8B6600D1E0E3 /* YiRefreshStateHeader.swift */; };
		56BCD127206B8BDA00D1E0E3 /* YiRefreshNormalHeader.swift in Sources */ = {isa = PBXBuildFile; fileRef = 56BCD126206B8BDA00D1E0E3 /* YiRefreshNormalHeader.swift */; };
/* End PBXBuildFile section */

/* Begin PBXFileReference section */
		56B3574820722E0900F1AD61 /* YiRefreshGifHeader.swift */ = {isa = PBXFileReference; lastKnownFileType = sourcecode.swift; path = YiRefreshGifHeader.swift; sourceTree = "<group>"; };
		56B3574B20723AFD00F1AD61 /* YiRefreshFooter.swift */ = {isa = PBXFileReference; lastKnownFileType = sourcecode.swift; path = YiRefreshFooter.swift; sourceTree = "<group>"; };
		56B3574D20723B9700F1AD61 /* YiRefreshBackFooter.swift */ = {isa = PBXFileReference; lastKnownFileType = sourcecode.swift; path = YiRefreshBackFooter.swift; sourceTree = "<group>"; };
		56B3574F20723BE300F1AD61 /* YiRefreshAutoFooter.swift */ = {isa = PBXFileReference; lastKnownFileType = sourcecode.swift; path = YiRefreshAutoFooter.swift; sourceTree = "<group>"; };
		56B357542072502100F1AD61 /* YiRefreshAutoGifFooter.swift */ = {isa = PBXFileReference; lastKnownFileType = sourcecode.swift; path = YiRefreshAutoGifFooter.swift; sourceTree = "<group>"; };
		56B357562072503D00F1AD61 /* YiRefreshAutoNormalFooter.swift */ = {isa = PBXFileReference; lastKnownFileType = sourcecode.swift; path = YiRefreshAutoNormalFooter.swift; sourceTree = "<group>"; };
		56B357582072505B00F1AD61 /* YiRefreshAutoStateFooter.swift */ = {isa = PBXFileReference; lastKnownFileType = sourcecode.swift; path = YiRefreshAutoStateFooter.swift; sourceTree = "<group>"; };
		56B3575A2072510300F1AD61 /* YiRefreshBackGifFooter.swift */ = {isa = PBXFileReference; lastKnownFileType = sourcecode.swift; path = YiRefreshBackGifFooter.swift; sourceTree = "<group>"; };
		56B3575C2072511C00F1AD61 /* YiRefreshBackNormalFooter.swift */ = {isa = PBXFileReference; lastKnownFileType = sourcecode.swift; path = YiRefreshBackNormalFooter.swift; sourceTree = "<group>"; };
		56B3575E2072513900F1AD61 /* YiRefreshBackStateFooter.swift */ = {isa = PBXFileReference; lastKnownFileType = sourcecode.swift; path = YiRefreshBackStateFooter.swift; sourceTree = "<group>"; };
		56BCD0F52069DED100D1E0E3 /* YiRefresh.app */ = {isa = PBXFileReference; explicitFileType = wrapper.application; includeInIndex = 0; path = YiRefresh.app; sourceTree = BUILT_PRODUCTS_DIR; };
		56BCD0F82069DED100D1E0E3 /* AppDelegate.swift */ = {isa = PBXFileReference; lastKnownFileType = sourcecode.swift; path = AppDelegate.swift; sourceTree = "<group>"; };
		56BCD0FA2069DED200D1E0E3 /* ViewController.swift */ = {isa = PBXFileReference; lastKnownFileType = sourcecode.swift; path = ViewController.swift; sourceTree = "<group>"; };
		56BCD0FD2069DED200D1E0E3 /* Base */ = {isa = PBXFileReference; lastKnownFileType = file.storyboard; name = Base; path = Base.lproj/Main.storyboard; sourceTree = "<group>"; };
		56BCD0FF2069DED200D1E0E3 /* Assets.xcassets */ = {isa = PBXFileReference; lastKnownFileType = folder.assetcatalog; path = Assets.xcassets; sourceTree = "<group>"; };
		56BCD1022069DED200D1E0E3 /* Base */ = {isa = PBXFileReference; lastKnownFileType = file.storyboard; name = Base; path = Base.lproj/LaunchScreen.storyboard; sourceTree = "<group>"; };
		56BCD1042069DED200D1E0E3 /* Info.plist */ = {isa = PBXFileReference; lastKnownFileType = text.plist.xml; path = Info.plist; sourceTree = "<group>"; };
		56BCD10B2069E03400D1E0E3 /* MJRefreshConst.swift */ = {isa = PBXFileReference; lastKnownFileType = sourcecode.swift; path = MJRefreshConst.swift; sourceTree = "<group>"; };
		56BCD10D2069E34300D1E0E3 /* extension_UIScrollView.swift */ = {isa = PBXFileReference; lastKnownFileType = sourcecode.swift; path = extension_UIScrollView.swift; sourceTree = "<group>"; };
		56BCD10F2069E3D500D1E0E3 /* extension_UIView.swift */ = {isa = PBXFileReference; lastKnownFileType = sourcecode.swift; path = extension_UIView.swift; sourceTree = "<group>"; };
		56BCD1112069E4CC00D1E0E3 /* extension_Bundle.swift */ = {isa = PBXFileReference; lastKnownFileType = sourcecode.swift; path = extension_Bundle.swift; sourceTree = "<group>"; };
		56BCD1132069EC8C00D1E0E3 /* YiRefreshComponent.swift */ = {isa = PBXFileReference; lastKnownFileType = sourcecode.swift; path = YiRefreshComponent.swift; sourceTree = "<group>"; };
		56BCD1152069ED3D00D1E0E3 /* extension_UILabel.swift */ = {isa = PBXFileReference; lastKnownFileType = sourcecode.swift; path = extension_UILabel.swift; sourceTree = "<group>"; };
		56BCD1172069EE2800D1E0E3 /* YiRefresh.bundle */ = {isa = PBXFileReference; lastKnownFileType = "wrapper.plug-in"; path = YiRefresh.bundle; sourceTree = "<group>"; };
		56BCD11F206B62A700D1E0E3 /* YiRefreshHeader.swift */ = {isa = PBXFileReference; lastKnownFileType = sourcecode.swift; path = YiRefreshHeader.swift; sourceTree = "<group>"; };
		56BCD124206B8B6600D1E0E3 /* YiRefreshStateHeader.swift */ = {isa = PBXFileReference; lastKnownFileType = sourcecode.swift; path = YiRefreshStateHeader.swift; sourceTree = "<group>"; };
		56BCD126206B8BDA00D1E0E3 /* YiRefreshNormalHeader.swift */ = {isa = PBXFileReference; lastKnownFileType = sourcecode.swift; path = YiRefreshNormalHeader.swift; sourceTree = "<group>"; };
/* End PBXFileReference section */

/* Begin PBXFrameworksBuildPhase section */
		56BCD0F22069DED100D1E0E3 /* Frameworks */ = {
			isa = PBXFrameworksBuildPhase;
			buildActionMask = 2147483647;
			files = (
			);
			runOnlyForDeploymentPostprocessing = 0;
		};
/* End PBXFrameworksBuildPhase section */

/* Begin PBXGroup section */
		56B357452072293800F1AD61 /* Base */ = {
			isa = PBXGroup;
			children = (
				56BCD1132069EC8C00D1E0E3 /* YiRefreshComponent.swift */,
				56BCD11F206B62A700D1E0E3 /* YiRefreshHeader.swift */,
				56B3574B20723AFD00F1AD61 /* YiRefreshFooter.swift */,
				56B3574D20723B9700F1AD61 /* YiRefreshBackFooter.swift */,
				56B3574F20723BE300F1AD61 /* YiRefreshAutoFooter.swift */,
			);
			path = Base;
			sourceTree = "<group>";
		};
		56B35746207229CF00F1AD61 /* Custom */ = {
			isa = PBXGroup;
			children = (
				56B3575120723C3100F1AD61 /* footer */,
				56B35747207229DC00F1AD61 /* header */,
			);
			path = Custom;
			sourceTree = "<group>";
		};
		56B35747207229DC00F1AD61 /* header */ = {
			isa = PBXGroup;
			children = (
				56BCD124206B8B6600D1E0E3 /* YiRefreshStateHeader.swift */,
				56BCD126206B8BDA00D1E0E3 /* YiRefreshNormalHeader.swift */,
				56B3574820722E0900F1AD61 /* YiRefreshGifHeader.swift */,
			);
			path = header;
			sourceTree = "<group>";
		};
		56B3574A20723AAF00F1AD61 /* current */ = {
			isa = PBXGroup;
			children = (
				56BCD10B2069E03400D1E0E3 /* MJRefreshConst.swift */,
				56BCD10D2069E34300D1E0E3 /* extension_UIScrollView.swift */,
				56BCD1152069ED3D00D1E0E3 /* extension_UILabel.swift */,
				56BCD10F2069E3D500D1E0E3 /* extension_UIView.swift */,
				56BCD1112069E4CC00D1E0E3 /* extension_Bundle.swift */,
				56BCD1172069EE2800D1E0E3 /* YiRefresh.bundle */,
			);
			path = current;
			sourceTree = "<group>";
		};
		56B3575120723C3100F1AD61 /* footer */ = {
			isa = PBXGroup;
			children = (
				56B3575320723C4800F1AD61 /* auto */,
				56B3575220723C4000F1AD61 /* back */,
			);
			path = footer;
			sourceTree = "<group>";
		};
		56B3575220723C4000F1AD61 /* back */ = {
			isa = PBXGroup;
			children = (
				56B3575A2072510300F1AD61 /* YiRefreshBackGifFooter.swift */,
				56B3575C2072511C00F1AD61 /* YiRefreshBackNormalFooter.swift */,
				56B3575E2072513900F1AD61 /* YiRefreshBackStateFooter.swift */,
			);
			path = back;
			sourceTree = "<group>";
		};
		56B3575320723C4800F1AD61 /* auto */ = {
			isa = PBXGroup;
			children = (
				56B357542072502100F1AD61 /* YiRefreshAutoGifFooter.swift */,
				56B357562072503D00F1AD61 /* YiRefreshAutoNormalFooter.swift */,
				56B357582072505B00F1AD61 /* YiRefreshAutoStateFooter.swift */,
			);
			path = auto;
			sourceTree = "<group>";
		};
		56BCD0EC2069DED100D1E0E3 = {
			isa = PBXGroup;
			children = (
				56BCD0F72069DED100D1E0E3 /* YiRefresh */,
				56BCD0F62069DED100D1E0E3 /* Products */,
			);
			sourceTree = "<group>";
		};
		56BCD0F62069DED100D1E0E3 /* Products */ = {
			isa = PBXGroup;
			children = (
				56BCD0F52069DED100D1E0E3 /* YiRefresh.app */,
			);
			name = Products;
			sourceTree = "<group>";
		};
		56BCD0F72069DED100D1E0E3 /* YiRefresh */ = {
			isa = PBXGroup;
			children = (
				56BCD10A2069E01F00D1E0E3 /* Yi */,
				56BCD0F82069DED100D1E0E3 /* AppDelegate.swift */,
				56BCD0FA2069DED200D1E0E3 /* ViewController.swift */,
				56BCD0FC2069DED200D1E0E3 /* Main.storyboard */,
				56BCD0FF2069DED200D1E0E3 /* Assets.xcassets */,
				56BCD1012069DED200D1E0E3 /* LaunchScreen.storyboard */,
				56BCD1042069DED200D1E0E3 /* Info.plist */,
			);
			path = YiRefresh;
			sourceTree = "<group>";
		};
		56BCD10A2069E01F00D1E0E3 /* Yi */ = {
			isa = PBXGroup;
			children = (
				56B3574A20723AAF00F1AD61 /* current */,
				56B357452072293800F1AD61 /* Base */,
				56B35746207229CF00F1AD61 /* Custom */,
			);
			path = Yi;
			sourceTree = "<group>";
		};
/* End PBXGroup section */

/* Begin PBXNativeTarget section */
		56BCD0F42069DED100D1E0E3 /* YiRefresh */ = {
			isa = PBXNativeTarget;
			buildConfigurationList = 56BCD1072069DED200D1E0E3 /* Build configuration list for PBXNativeTarget "YiRefresh" */;
			buildPhases = (
				56BCD0F12069DED100D1E0E3 /* Sources */,
				56BCD0F22069DED100D1E0E3 /* Frameworks */,
				56BCD0F32069DED100D1E0E3 /* Resources */,
			);
			buildRules = (
			);
			dependencies = (
			);
			name = YiRefresh;
			productName = YiRefresh;
			productReference = 56BCD0F52069DED100D1E0E3 /* YiRefresh.app */;
			productType = "com.apple.product-type.application";
		};
/* End PBXNativeTarget section */

/* Begin PBXProject section */
		56BCD0ED2069DED100D1E0E3 /* Project object */ = {
			isa = PBXProject;
			attributes = {
				LastSwiftUpdateCheck = 0920;
				LastUpgradeCheck = 0930;
				ORGANIZATIONNAME = Yi;
				TargetAttributes = {
					56BCD0F42069DED100D1E0E3 = {
						CreatedOnToolsVersion = 9.2;
						LastSwiftMigration = 0930;
						ProvisioningStyle = Automatic;
					};
				};
			};
			buildConfigurationList = 56BCD0F02069DED100D1E0E3 /* Build configuration list for PBXProject "YiRefresh" */;
			compatibilityVersion = "Xcode 8.0";
			developmentRegion = en;
			hasScannedForEncodings = 0;
			knownRegions = (
				en,
				Base,
			);
			mainGroup = 56BCD0EC2069DED100D1E0E3;
			productRefGroup = 56BCD0F62069DED100D1E0E3 /* Products */;
			projectDirPath = "";
			projectRoot = "";
			targets = (
				56BCD0F42069DED100D1E0E3 /* YiRefresh */,
			);
		};
/* End PBXProject section */

/* Begin PBXResourcesBuildPhase section */
		56BCD0F32069DED100D1E0E3 /* Resources */ = {
			isa = PBXResourcesBuildPhase;
			buildActionMask = 2147483647;
			files = (
				56BCD1032069DED200D1E0E3 /* LaunchScreen.storyboard in Resources */,
				56BCD1182069EE2800D1E0E3 /* YiRefresh.bundle in Resources */,
				56BCD1002069DED200D1E0E3 /* Assets.xcassets in Resources */,
				56BCD0FE2069DED200D1E0E3 /* Main.storyboard in Resources */,
			);
			runOnlyForDeploymentPostprocessing = 0;
		};
/* End PBXResourcesBuildPhase section */

/* Begin PBXSourcesBuildPhase section */
		56BCD0F12069DED100D1E0E3 /* Sources */ = {
			isa = PBXSourcesBuildPhase;
			buildActionMask = 2147483647;
			files = (
				56BCD120206B62A700D1E0E3 /* YiRefreshHeader.swift in Sources */,
				56B3574E20723B9700F1AD61 /* YiRefreshBackFooter.swift in Sources */,
				56BCD127206B8BDA00D1E0E3 /* YiRefreshNormalHeader.swift in Sources */,
				56BCD1102069E3D500D1E0E3 /* extension_UIView.swift in Sources */,
				56BCD1142069EC8C00D1E0E3 /* YiRefreshComponent.swift in Sources */,
				56B3575B2072510300F1AD61 /* YiRefreshBackGifFooter.swift in Sources */,
				56B357592072505B00F1AD61 /* YiRefreshAutoStateFooter.swift in Sources */,
				56BCD1122069E4CC00D1E0E3 /* extension_Bundle.swift in Sources */,
				56B357552072502100F1AD61 /* YiRefreshAutoGifFooter.swift in Sources */,
				56BCD10C2069E03400D1E0E3 /* MJRefreshConst.swift in Sources */,
				56BCD1162069ED3D00D1E0E3 /* extension_UILabel.swift in Sources */,
				56B3574C20723AFD00F1AD61 /* YiRefreshFooter.swift in Sources */,
				56B3575020723BE300F1AD61 /* YiRefreshAutoFooter.swift in Sources */,
				56BCD0FB2069DED200D1E0E3 /* ViewController.swift in Sources */,
				56BCD0F92069DED100D1E0E3 /* AppDelegate.swift in Sources */,
				56B3575F2072513900F1AD61 /* YiRefreshBackStateFooter.swift in Sources */,
				56B357572072503D00F1AD61 /* YiRefreshAutoNormalFooter.swift in Sources */,
				56B3575D2072511C00F1AD61 /* YiRefreshBackNormalFooter.swift in Sources */,
				56BCD125206B8B6600D1E0E3 /* YiRefreshStateHeader.swift in Sources */,
				56BCD10E2069E34300D1E0E3 /* extension_UIScrollView.swift in Sources */,
				56B3574920722E0900F1AD61 /* YiRefreshGifHeader.swift in Sources */,
			);
			runOnlyForDeploymentPostprocessing = 0;
		};
/* End PBXSourcesBuildPhase section */

/* Begin PBXVariantGroup section */
		56BCD0FC2069DED200D1E0E3 /* Main.storyboard */ = {
			isa = PBXVariantGroup;
			children = (
				56BCD0FD2069DED200D1E0E3 /* Base */,
			);
			name = Main.storyboard;
			sourceTree = "<group>";
		};
		56BCD1012069DED200D1E0E3 /* LaunchScreen.storyboard */ = {
			isa = PBXVariantGroup;
			children = (
				56BCD1022069DED200D1E0E3 /* Base */,
			);
			name = LaunchScreen.storyboard;
			sourceTree = "<group>";
		};
/* End PBXVariantGroup section */

/* Begin XCBuildConfiguration section */
		56BCD1052069DED200D1E0E3 /* Debug */ = {
			isa = XCBuildConfiguration;
			buildSettings = {
				ALWAYS_SEARCH_USER_PATHS = NO;
				CLANG_ANALYZER_NONNULL = YES;
				CLANG_ANALYZER_NUMBER_OBJECT_CONVERSION = YES_AGGRESSIVE;
				CLANG_CXX_LANGUAGE_STANDARD = "gnu++14";
				CLANG_CXX_LIBRARY = "libc++";
				CLANG_ENABLE_MODULES = YES;
				CLANG_ENABLE_OBJC_ARC = YES;
				CLANG_WARN_BLOCK_CAPTURE_AUTORELEASING = YES;
				CLANG_WARN_BOOL_CONVERSION = YES;
				CLANG_WARN_COMMA = YES;
				CLANG_WARN_CONSTANT_CONVERSION = YES;
				CLANG_WARN_DEPRECATED_OBJC_IMPLEMENTATIONS = YES;
				CLANG_WARN_DIRECT_OBJC_ISA_USAGE = YES_ERROR;
				CLANG_WARN_DOCUMENTATION_COMMENTS = YES;
				CLANG_WARN_EMPTY_BODY = YES;
				CLANG_WARN_ENUM_CONVERSION = YES;
				CLANG_WARN_INFINITE_RECURSION = YES;
				CLANG_WARN_INT_CONVERSION = YES;
				CLANG_WARN_NON_LITERAL_NULL_CONVERSION = YES;
				CLANG_WARN_OBJC_IMPLICIT_RETAIN_SELF = YES;
				CLANG_WARN_OBJC_LITERAL_CONVERSION = YES;
				CLANG_WARN_OBJC_ROOT_CLASS = YES_ERROR;
				CLANG_WARN_RANGE_LOOP_ANALYSIS = YES;
				CLANG_WARN_STRICT_PROTOTYPES = YES;
				CLANG_WARN_SUSPICIOUS_MOVE = YES;
				CLANG_WARN_UNGUARDED_AVAILABILITY = YES_AGGRESSIVE;
				CLANG_WARN_UNREACHABLE_CODE = YES;
				CLANG_WARN__DUPLICATE_METHOD_MATCH = YES;
				CODE_SIGN_IDENTITY = "iPhone Developer";
				COPY_PHASE_STRIP = NO;
				DEBUG_INFORMATION_FORMAT = dwarf;
				ENABLE_STRICT_OBJC_MSGSEND = YES;
				ENABLE_TESTABILITY = YES;
				GCC_C_LANGUAGE_STANDARD = gnu11;
				GCC_DYNAMIC_NO_PIC = NO;
				GCC_NO_COMMON_BLOCKS = YES;
				GCC_OPTIMIZATION_LEVEL = 0;
				GCC_PREPROCESSOR_DEFINITIONS = (
					"DEBUG=1",
					"$(inherited)",
				);
				GCC_WARN_64_TO_32_BIT_CONVERSION = YES;
				GCC_WARN_ABOUT_RETURN_TYPE = YES_ERROR;
				GCC_WARN_UNDECLARED_SELECTOR = YES;
				GCC_WARN_UNINITIALIZED_AUTOS = YES_AGGRESSIVE;
				GCC_WARN_UNUSED_FUNCTION = YES;
				GCC_WARN_UNUSED_VARIABLE = YES;
				IPHONEOS_DEPLOYMENT_TARGET = 11.2;
				MTL_ENABLE_DEBUG_INFO = YES;
				ONLY_ACTIVE_ARCH = YES;
				SDKROOT = iphoneos;
				SWIFT_ACTIVE_COMPILATION_CONDITIONS = DEBUG;
				SWIFT_OPTIMIZATION_LEVEL = "-Onone";
			};
			name = Debug;
		};
		56BCD1062069DED200D1E0E3 /* Release */ = {
			isa = XCBuildConfiguration;
			buildSettings = {
				ALWAYS_SEARCH_USER_PATHS = NO;
				CLANG_ANALYZER_NONNULL = YES;
				CLANG_ANALYZER_NUMBER_OBJECT_CONVERSION = YES_AGGRESSIVE;
				CLANG_CXX_LANGUAGE_STANDARD = "gnu++14";
				CLANG_CXX_LIBRARY = "libc++";
				CLANG_ENABLE_MODULES = YES;
				CLANG_ENABLE_OBJC_ARC = YES;
				CLANG_WARN_BLOCK_CAPTURE_AUTORELEASING = YES;
				CLANG_WARN_BOOL_CONVERSION = YES;
				CLANG_WARN_COMMA = YES;
				CLANG_WARN_CONSTANT_CONVERSION = YES;
				CLANG_WARN_DEPRECATED_OBJC_IMPLEMENTATIONS = YES;
				CLANG_WARN_DIRECT_OBJC_ISA_USAGE = YES_ERROR;
				CLANG_WARN_DOCUMENTATION_COMMENTS = YES;
				CLANG_WARN_EMPTY_BODY = YES;
				CLANG_WARN_ENUM_CONVERSION = YES;
				CLANG_WARN_INFINITE_RECURSION = YES;
				CLANG_WARN_INT_CONVERSION = YES;
				CLANG_WARN_NON_LITERAL_NULL_CONVERSION = YES;
				CLANG_WARN_OBJC_IMPLICIT_RETAIN_SELF = YES;
				CLANG_WARN_OBJC_LITERAL_CONVERSION = YES;
				CLANG_WARN_OBJC_ROOT_CLASS = YES_ERROR;
				CLANG_WARN_RANGE_LOOP_ANALYSIS = YES;
				CLANG_WARN_STRICT_PROTOTYPES = YES;
				CLANG_WARN_SUSPICIOUS_MOVE = YES;
				CLANG_WARN_UNGUARDED_AVAILABILITY = YES_AGGRESSIVE;
				CLANG_WARN_UNREACHABLE_CODE = YES;
				CLANG_WARN__DUPLICATE_METHOD_MATCH = YES;
				CODE_SIGN_IDENTITY = "iPhone Developer";
				COPY_PHASE_STRIP = NO;
				DEBUG_INFORMATION_FORMAT = "dwarf-with-dsym";
				ENABLE_NS_ASSERTIONS = NO;
				ENABLE_STRICT_OBJC_MSGSEND = YES;
				GCC_C_LANGUAGE_STANDARD = gnu11;
				GCC_NO_COMMON_BLOCKS = YES;
				GCC_WARN_64_TO_32_BIT_CONVERSION = YES;
				GCC_WARN_ABOUT_RETURN_TYPE = YES_ERROR;
				GCC_WARN_UNDECLARED_SELECTOR = YES;
				GCC_WARN_UNINITIALIZED_AUTOS = YES_AGGRESSIVE;
				GCC_WARN_UNUSED_FUNCTION = YES;
				GCC_WARN_UNUSED_VARIABLE = YES;
				IPHONEOS_DEPLOYMENT_TARGET = 11.2;
				MTL_ENABLE_DEBUG_INFO = NO;
				SDKROOT = iphoneos;
				SWIFT_OPTIMIZATION_LEVEL = "-Owholemodule";
				VALIDATE_PRODUCT = YES;
			};
			name = Release;
		};
		56BCD1082069DED200D1E0E3 /* Debug */ = {
			isa = XCBuildConfiguration;
			buildSettings = {
				ASSETCATALOG_COMPILER_APPICON_NAME = AppIcon;
				CLANG_ENABLE_MODULES = YES;
				CODE_SIGN_STYLE = Automatic;
				INFOPLIST_FILE = YiRefresh/Info.plist;
				IPHONEOS_DEPLOYMENT_TARGET = 10.0;
				LD_RUNPATH_SEARCH_PATHS = "$(inherited) @executable_path/Frameworks";
				PRODUCT_BUNDLE_IDENTIFIER = cn.sara430.YiRefresh;
				PRODUCT_NAME = "$(TARGET_NAME)";
				SWIFT_INSTALL_OBJC_HEADER = NO;
				SWIFT_OBJC_BRIDGING_HEADER = "";
				SWIFT_OPTIMIZATION_LEVEL = "-Onone";
				SWIFT_VERSION = 4.0;
				TARGETED_DEVICE_FAMILY = "1,2";
			};
			name = Debug;
		};
		56BCD1092069DED200D1E0E3 /* Release */ = {
			isa = XCBuildConfiguration;
			buildSettings = {
				ASSETCATALOG_COMPILER_APPICON_NAME = AppIcon;
				CLANG_ENABLE_MODULES = YES;
				CODE_SIGN_STYLE = Automatic;
				INFOPLIST_FILE = YiRefresh/Info.plist;
				IPHONEOS_DEPLOYMENT_TARGET = 10.0;
				LD_RUNPATH_SEARCH_PATHS = "$(inherited) @executable_path/Frameworks";
				PRODUCT_BUNDLE_IDENTIFIER = cn.sara430.YiRefresh;
				PRODUCT_NAME = "$(TARGET_NAME)";
				SWIFT_INSTALL_OBJC_HEADER = NO;
				SWIFT_OBJC_BRIDGING_HEADER = "";
				SWIFT_VERSION = 4.0;
				TARGETED_DEVICE_FAMILY = "1,2";
			};
			name = Release;
		};
/* End XCBuildConfiguration section */

/* Begin XCConfigurationList section */
		56BCD0F02069DED100D1E0E3 /* Build configuration list for PBXProject "YiRefresh" */ = {
			isa = XCConfigurationList;
			buildConfigurations = (
				56BCD1052069DED200D1E0E3 /* Debug */,
				56BCD1062069DED200D1E0E3 /* Release */,
			);
			defaultConfigurationIsVisible = 0;
			defaultConfigurationName = Release;
		};
		56BCD1072069DED200D1E0E3 /* Build configuration list for PBXNativeTarget "YiRefresh" */ = {
			isa = XCConfigurationList;
			buildConfigurations = (
				56BCD1082069DED200D1E0E3 /* Debug */,
				56BCD1092069DED200D1E0E3 /* Release */,
			);
			defaultConfigurationIsVisible = 0;
			defaultConfigurationName = Release;
		};
/* End XCConfigurationList section */
	};
	rootObject = 56BCD0ED2069DED100D1E0E3 /* Project object */;
}
